
Microsoft Visual Studio Solution File, Format Version 12.00
# Visual Studio Version 16
VisualStudioVersion = 16.0.33801.447
MinimumVisualStudioVersion = 10.0.40219.1
Project("{FAE04EC0-301F-11D3-BF4B-00C04F79EFBC}") = "Murillo_Tiscornia_Valenzuela_TP-Parcial", "Murillo_Tiscornia_Valenzuela_TP-Parcial.csproj", "{24A2BEF3-F135-47D5-A214-C8A0C293A943}"
EndProject
Global
	GlobalSection(SolutionConfigurationPlatforms) = preSolution
		Debug|Any CPU = Debug|Any CPU
		Release|Any CPU = Release|Any CPU
	EndGlobalSection
	GlobalSection(ProjectConfigurationPlatforms) = postSolution
		{24A2BEF3-F135-47D5-A214-C8A0C293A943}.Debug|Any CPU.ActiveCfg = Debug|Any CPU
		{24A2BEF3-F135-47D5-A214-C8A0C293A943}.Debug|Any CPU.Build.0 = Debug|Any CPU
		{24A2BEF3-F135-47D5-A214-C8A0C293A943}.Release|Any CPU.ActiveCfg = Release|Any CPU
		{24A2BEF3-F135-47D5-A214-C8A0C293A943}.Release|Any CPU.Build.0 = Release|Any CPU
	EndGlobalSection
	GlobalSection(SolutionProperties) = preSolution
		HideSolutionNode = FALSE
	EndGlobalSection
	GlobalSection(ExtensibilityGlobals) = postSolution
		SolutionGuid = {ABEB17D9-CDE5-49B5-963B-267A67E62E9F}
	EndGlobalSection
EndGlobal
